PODS:
  - Alamofire (4.6.0)
  - AlamofireImage (3.3.0):
    - Alamofire (~> 4.5)
  - Differentiator (3.0.2)
  - IQKeyboardManagerSwift (5.0.7)
  - KeychainAccess (3.1.0)
  - NSObject+Rx (4.2.0):
    - RxSwift (~> 4.0)
  - Realm (3.1.0):
    - Realm/Headers (= 3.1.0)
  - Realm/Headers (3.1.0)
  - RealmSwift (3.1.0):
    - Realm (= 3.1.0)
  - RxAlamofire (4.0.0):
    - RxAlamofire/Core (= 4.0.0)
  - RxAlamofire/Core (4.0.0):
    - Alamofire (~> 4.5)
    - RxSwift (~> 4.0)
  - RxCocoa (4.1.1):
    - RxSwift (~> 4.0)
  - RxDataSources (3.0.2):
    - Differentiator (~> 3.0)
    - RxCocoa (~> 4.0)
    - RxSwift (~> 4.0)
  - RxPager (1.0.0):
    - RxSwift (~> 4.0)
  - RxRealm (0.7.5):
    - RealmSwift (~> 3.0)
    - RxSwift (~> 4.0)
  - RxSwift (4.1.1)
  - SwiftyJSON (4.0.0)

DEPENDENCIES:
  - AlamofireImage
  - IQKeyboardManagerSwift
  - KeychainAccess
  - NSObject+Rx
  - RealmSwift
  - RxAlamofire
  - RxCocoa
  - RxDataSources
  - RxPager (from `https://github.com/N1k1tung/RxPager.git`)
  - RxRealm
  - RxSwift
  - SwiftyJSON

EXTERNAL SOURCES:
  RxPager:
    :git: https://github.com/N1k1tung/RxPager.git

CHECKOUT OPTIONS:
  RxPager:
    :commit: 3894994d8f9cc1180b69e269036f800bc838ed7f
    :git: https://github.com/N1k1tung/RxPager.git

SPEC CHECKSUMS:
  Alamofire: f41a599bd63041760b26d393ec1069d9d7b917f4
  AlamofireImage: 2e784dc5d00f04903a52c1d169181469c805c3df
  Differentiator: a87be69eba49ec4ab460c7671143ee3a9eececfd
  IQKeyboardManagerSwift: 30fb3a61de1af53a95e02b80fb54ed0a19d5ede5
  KeychainAccess: 94c5540b32eabf7bc32bfb976a268e8ea05fd6da
  NSObject+Rx: cbbc05e3cb3ad446cdbced3e00e39c9efaf02925
  Realm: 09513d7c054678d65cd02ce09871f805b0d758ac
  RealmSwift: e868fee9b10e5490ad94b6b6ecd9027944da1824
  RxAlamofire: 6ea579ac53bf14cb4bc7049a3866e5a769989b1d
  RxCocoa: fd0862fd2df95fa55562ad28ffd2522c25eb4a85
  RxDataSources: cb7c31e652a87ebb919da45f716bbb87b3765f6b
  RxPager: 05b8bda6755ef90b7bd06377f93486301a049e72
  RxRealm: a6c6c0a07cb61f34209969ca6657734edfdfff30
  RxSwift: c6e3b1c7b325c7d121cd4327e9d98b7ed746b570
  SwiftyJSON: 070dabdcb1beb81b247c65ffa3a79dbbfb3b48aa

PODFILE CHECKSUM: faff0e4a49cd15ebe3bf2b4f44724695463a3d67

COCOAPODS: 1.4.0.rc.1
